
Microsoft Visual Studio Solution File, Format Version 12.00
# Visual Studio 2013
VisualStudioVersion = 12.0.30422.0
MinimumVisualStudioVersion = 10.0.40219.1
Project("{FAE04EC0-301F-11D3-BF4B-00C04F79EFBC}") = "PCLTesting", "PCLTesting\PCLTesting.csproj", "{B1289182-085B-4C34-AEC8-EEF6AA779800}"
EndProject
Project("{FAE04EC0-301F-11D3-BF4B-00C04F79EFBC}") = "PCLTesting.Portable", "PCLTesting.Portable\PCLTesting.Portable.csproj", "{2EA91982-B576-475C-9426-CA106A0653DF}"
EndProject
Project("{2150E333-8FDC-42A3-9474-1A3956D46DE8}") = ".nuget", ".nuget", "{829E5B4F-35D8-41F6-8316-F6E9C7E96DEE}"
	ProjectSection(SolutionItems) = preProject
		.nuget\NuGet.Config = .nuget\NuGet.Config
		.nuget\nuget.exe = .nuget\nuget.exe
	EndProjectSection
EndProject
Project("{2150E333-8FDC-42A3-9474-1A3956D46DE8}") = "build", "build", "{3A0AA651-96E3-4F7E-83C5-92A0EA8C9E3A}"
	ProjectSection(SolutionItems) = preProject
		build\build.proj = build\build.proj
		build\Build.tasks = build\Build.tasks
	EndProjectSection
EndProject
Project("{2150E333-8FDC-42A3-9474-1A3956D46DE8}") = "common", "common", "{39112F3A-C6F7-495D-8481-87454623FC43}"
	ProjectSection(SolutionItems) = preProject
		common\CommonAssemblyInfo.cs = common\CommonAssemblyInfo.cs
		common\PCLTesting.nuspec = common\PCLTesting.nuspec
	EndProjectSection
EndProject
Project("{FAE04EC0-301F-11D3-BF4B-00C04F79EFBC}") = "PCLTesting.Runner", "PCLTesting.Runner\PCLTesting.Runner.csproj", "{B4EAC056-B247-4DBB-B661-E0BD609AC5A6}"
EndProject
Project("{FAE04EC0-301F-11D3-BF4B-00C04F79EFBC}") = "PCLTesting.Forms", "PCLTesting.Forms\PCLTesting.Forms.csproj", "{67F9D3A8-F71E-4428-913F-C37AE82CDB24}"
EndProject
Project("{FAE04EC0-301F-11D3-BF4B-00C04F79EFBC}") = "SampleWP8TestRunner", "SampleWP8TestRunner\SampleWP8TestRunner.csproj", "{159E8F90-7939-480B-985D-2B1444A41B6E}"
EndProject
Project("{FAE04EC0-301F-11D3-BF4B-00C04F79EFBC}") = "SampleAndroidTestRunner", "SampleAndroidTestRunner\SampleAndroidTestRunner.csproj", "{5CD571FD-B7BF-43D8-B596-499034F8E190}"
EndProject
Project("{2150E333-8FDC-42A3-9474-1A3956D46DE8}") = "Sample Runners", "Sample Runners", "{D64617FF-F64E-487C-90B4-DD1AD330A04F}"
EndProject
Project("{FAE04EC0-301F-11D3-BF4B-00C04F79EFBC}") = "SampleiOSTestRunner", "SampleiOSTestRunner\SampleiOSTestRunner.csproj", "{8DF069C4-ACDD-41EB-A6CF-E0ECFA36B908}"
EndProject
Global
	GlobalSection(SolutionConfigurationPlatforms) = preSolution
		Ad-Hoc|Any CPU = Ad-Hoc|Any CPU
		Ad-Hoc|ARM = Ad-Hoc|ARM
		Ad-Hoc|iPhone = Ad-Hoc|iPhone
		Ad-Hoc|iPhoneSimulator = Ad-Hoc|iPhoneSimulator
		Ad-Hoc|Mixed Platforms = Ad-Hoc|Mixed Platforms
		Ad-Hoc|x86 = Ad-Hoc|x86
		AppStore|Any CPU = AppStore|Any CPU
		AppStore|ARM = AppStore|ARM
		AppStore|iPhone = AppStore|iPhone
		AppStore|iPhoneSimulator = AppStore|iPhoneSimulator
		AppStore|Mixed Platforms = AppStore|Mixed Platforms
		AppStore|x86 = AppStore|x86
		Debug|Any CPU = Debug|Any CPU
		Debug|ARM = Debug|ARM
		Debug|iPhone = Debug|iPhone
		Debug|iPhoneSimulator = Debug|iPhoneSimulator
		Debug|Mixed Platforms = Debug|Mixed Platforms
		Debug|x86 = Debug|x86
		Release|Any CPU = Release|Any CPU
		Release|ARM = Release|ARM
		Release|iPhone = Release|iPhone
		Release|iPhoneSimulator = Release|iPhoneSimulator
		Release|Mixed Platforms = Release|Mixed Platforms
		Release|x86 = Release|x86
	EndGlobalSection
	GlobalSection(ProjectConfigurationPlatforms) = postSolution
		{B1289182-085B-4C34-AEC8-EEF6AA779800}.Ad-Hoc|Any CPU.ActiveCfg = Release|Any CPU
		{B1289182-085B-4C34-AEC8-EEF6AA779800}.Ad-Hoc|Any CPU.Build.0 = Release|Any CPU
		{B1289182-085B-4C34-AEC8-EEF6AA779800}.Ad-Hoc|ARM.ActiveCfg = Release|Any CPU
		{B1289182-085B-4C34-AEC8-EEF6AA779800}.Ad-Hoc|iPhone.ActiveCfg = Release|Any CPU
		{B1289182-085B-4C34-AEC8-EEF6AA779800}.Ad-Hoc|iPhoneSimulator.ActiveCfg = Release|Any CPU
		{B1289182-085B-4C34-AEC8-EEF6AA779800}.Ad-Hoc|Mixed Platforms.ActiveCfg = Release|Any CPU
		{B1289182-085B-4C34-AEC8-EEF6AA779800}.Ad-Hoc|Mixed Platforms.Build.0 = Release|Any CPU
		{B1289182-085B-4C34-AEC8-EEF6AA779800}.Ad-Hoc|x86.ActiveCfg = Release|Any CPU
		{B1289182-085B-4C34-AEC8-EEF6AA779800}.AppStore|Any CPU.ActiveCfg = Release|Any CPU
		{B1289182-085B-4C34-AEC8-EEF6AA779800}.AppStore|Any CPU.Build.0 = Release|Any CPU
		{B1289182-085B-4C34-AEC8-EEF6AA779800}.AppStore|ARM.ActiveCfg = Release|Any CPU
		{B1289182-085B-4C34-AEC8-EEF6AA779800}.AppStore|iPhone.ActiveCfg = Release|Any CPU
		{B1289182-085B-4C34-AEC8-EEF6AA779800}.AppStore|iPhoneSimulator.ActiveCfg = Release|Any CPU
		{B1289182-085B-4C34-AEC8-EEF6AA779800}.AppStore|Mixed Platforms.ActiveCfg = Release|Any CPU
		{B1289182-085B-4C34-AEC8-EEF6AA779800}.AppStore|Mixed Platforms.Build.0 = Release|Any CPU
		{B1289182-085B-4C34-AEC8-EEF6AA779800}.AppStore|x86.ActiveCfg = Release|Any CPU
		{B1289182-085B-4C34-AEC8-EEF6AA779800}.Debug|Any CPU.ActiveCfg = Debug|Any CPU
		{B1289182-085B-4C34-AEC8-EEF6AA779800}.Debug|Any CPU.Build.0 = Debug|Any CPU
		{B1289182-085B-4C34-AEC8-EEF6AA779800}.Debug|ARM.ActiveCfg = Debug|Any CPU
		{B1289182-085B-4C34-AEC8-EEF6AA779800}.Debug|iPhone.ActiveCfg = Debug|Any CPU
		{B1289182-085B-4C34-AEC8-EEF6AA779800}.Debug|iPhoneSimulator.ActiveCfg = Debug|Any CPU
		{B1289182-085B-4C34-AEC8-EEF6AA779800}.Debug|Mixed Platforms.ActiveCfg = Debug|Any CPU
		{B1289182-085B-4C34-AEC8-EEF6AA779800}.Debug|Mixed Platforms.Build.0 = Debug|Any CPU
		{B1289182-085B-4C34-AEC8-EEF6AA779800}.Debug|x86.ActiveCfg = Debug|Any CPU
		{B1289182-085B-4C34-AEC8-EEF6AA779800}.Release|Any CPU.ActiveCfg = Release|Any CPU
		{B1289182-085B-4C34-AEC8-EEF6AA779800}.Release|Any CPU.Build.0 = Release|Any CPU
		{B1289182-085B-4C34-AEC8-EEF6AA779800}.Release|ARM.ActiveCfg = Release|Any CPU
		{B1289182-085B-4C34-AEC8-EEF6AA779800}.Release|iPhone.ActiveCfg = Release|Any CPU
		{B1289182-085B-4C34-AEC8-EEF6AA779800}.Release|iPhoneSimulator.ActiveCfg = Release|Any CPU
		{B1289182-085B-4C34-AEC8-EEF6AA779800}.Release|Mixed Platforms.ActiveCfg = Release|Any CPU
		{B1289182-085B-4C34-AEC8-EEF6AA779800}.Release|Mixed Platforms.Build.0 = Release|Any CPU
		{B1289182-085B-4C34-AEC8-EEF6AA779800}.Release|x86.ActiveCfg = Release|Any CPU
		{2EA91982-B576-475C-9426-CA106A0653DF}.Ad-Hoc|Any CPU.ActiveCfg = Release|Any CPU
		{2EA91982-B576-475C-9426-CA106A0653DF}.Ad-Hoc|Any CPU.Build.0 = Release|Any CPU
		{2EA91982-B576-475C-9426-CA106A0653DF}.Ad-Hoc|ARM.ActiveCfg = Release|Any CPU
		{2EA91982-B576-475C-9426-CA106A0653DF}.Ad-Hoc|iPhone.ActiveCfg = Release|Any CPU
		{2EA91982-B576-475C-9426-CA106A0653DF}.Ad-Hoc|iPhoneSimulator.ActiveCfg = Release|Any CPU
		{2EA91982-B576-475C-9426-CA106A0653DF}.Ad-Hoc|Mixed Platforms.ActiveCfg = Release|Any CPU
		{2EA91982-B576-475C-9426-CA106A0653DF}.Ad-Hoc|Mixed Platforms.Build.0 = Release|Any CPU
		{2EA91982-B576-475C-9426-CA106A0653DF}.Ad-Hoc|x86.ActiveCfg = Release|Any CPU
		{2EA91982-B576-475C-9426-CA106A0653DF}.AppStore|Any CPU.ActiveCfg = Release|Any CPU
		{2EA91982-B576-475C-9426-CA106A0653DF}.AppStore|Any CPU.Build.0 = Release|Any CPU
		{2EA91982-B576-475C-9426-CA106A0653DF}.AppStore|ARM.ActiveCfg = Release|Any CPU
		{2EA91982-B576-475C-9426-CA106A0653DF}.AppStore|iPhone.ActiveCfg = Release|Any CPU
		{2EA91982-B576-475C-9426-CA106A0653DF}.AppStore|iPhoneSimulator.ActiveCfg = Release|Any CPU
		{2EA91982-B576-475C-9426-CA106A0653DF}.AppStore|Mixed Platforms.ActiveCfg = Release|Any CPU
		{2EA91982-B576-475C-9426-CA106A0653DF}.AppStore|Mixed Platforms.Build.0 = Release|Any CPU
		{2EA91982-B576-475C-9426-CA106A0653DF}.AppStore|x86.ActiveCfg = Release|Any CPU
		{2EA91982-B576-475C-9426-CA106A0653DF}.Debug|Any CPU.ActiveCfg = Debug|Any CPU
		{2EA91982-B576-475C-9426-CA106A0653DF}.Debug|Any CPU.Build.0 = Debug|Any CPU
		{2EA91982-B576-475C-9426-CA106A0653DF}.Debug|ARM.ActiveCfg = Debug|Any CPU
		{2EA91982-B576-475C-9426-CA106A0653DF}.Debug|iPhone.ActiveCfg = Debug|Any CPU
		{2EA91982-B576-475C-9426-CA106A0653DF}.Debug|iPhoneSimulator.ActiveCfg = Debug|Any CPU
		{2EA91982-B576-475C-9426-CA106A0653DF}.Debug|Mixed Platforms.ActiveCfg = Debug|Any CPU
		{2EA91982-B576-475C-9426-CA106A0653DF}.Debug|Mixed Platforms.Build.0 = Debug|Any CPU
		{2EA91982-B576-475C-9426-CA106A0653DF}.Debug|x86.ActiveCfg = Debug|Any CPU
		{2EA91982-B576-475C-9426-CA106A0653DF}.Release|Any CPU.ActiveCfg = Release|Any CPU
		{2EA91982-B576-475C-9426-CA106A0653DF}.Release|Any CPU.Build.0 = Release|Any CPU
		{2EA91982-B576-475C-9426-CA106A0653DF}.Release|ARM.ActiveCfg = Release|Any CPU
		{2EA91982-B576-475C-9426-CA106A0653DF}.Release|iPhone.ActiveCfg = Release|Any CPU
		{2EA91982-B576-475C-9426-CA106A0653DF}.Release|iPhoneSimulator.ActiveCfg = Release|Any CPU
		{2EA91982-B576-475C-9426-CA106A0653DF}.Release|Mixed Platforms.ActiveCfg = Release|Any CPU
		{2EA91982-B576-475C-9426-CA106A0653DF}.Release|Mixed Platforms.Build.0 = Release|Any CPU
		{2EA91982-B576-475C-9426-CA106A0653DF}.Release|x86.ActiveCfg = Release|Any CPU
		{B4EAC056-B247-4DBB-B661-E0BD609AC5A6}.Ad-Hoc|Any CPU.ActiveCfg = Release|Any CPU
		{B4EAC056-B247-4DBB-B661-E0BD609AC5A6}.Ad-Hoc|Any CPU.Build.0 = Release|Any CPU
		{B4EAC056-B247-4DBB-B661-E0BD609AC5A6}.Ad-Hoc|ARM.ActiveCfg = Release|Any CPU
		{B4EAC056-B247-4DBB-B661-E0BD609AC5A6}.Ad-Hoc|iPhone.ActiveCfg = Release|Any CPU
		{B4EAC056-B247-4DBB-B661-E0BD609AC5A6}.Ad-Hoc|iPhoneSimulator.ActiveCfg = Release|Any CPU
		{B4EAC056-B247-4DBB-B661-E0BD609AC5A6}.Ad-Hoc|Mixed Platforms.ActiveCfg = Release|Any CPU
		{B4EAC056-B247-4DBB-B661-E0BD609AC5A6}.Ad-Hoc|Mixed Platforms.Build.0 = Release|Any CPU
		{B4EAC056-B247-4DBB-B661-E0BD609AC5A6}.Ad-Hoc|x86.ActiveCfg = Release|Any CPU
		{B4EAC056-B247-4DBB-B661-E0BD609AC5A6}.AppStore|Any CPU.ActiveCfg = Release|Any CPU
		{B4EAC056-B247-4DBB-B661-E0BD609AC5A6}.AppStore|Any CPU.Build.0 = Release|Any CPU
		{B4EAC056-B247-4DBB-B661-E0BD609AC5A6}.AppStore|ARM.ActiveCfg = Release|Any CPU
		{B4EAC056-B247-4DBB-B661-E0BD609AC5A6}.AppStore|iPhone.ActiveCfg = Release|Any CPU
		{B4EAC056-B247-4DBB-B661-E0BD609AC5A6}.AppStore|iPhoneSimulator.ActiveCfg = Release|Any CPU
		{B4EAC056-B247-4DBB-B661-E0BD609AC5A6}.AppStore|Mixed Platforms.ActiveCfg = Release|Any CPU
		{B4EAC056-B247-4DBB-B661-E0BD609AC5A6}.AppStore|Mixed Platforms.Build.0 = Release|Any CPU
		{B4EAC056-B247-4DBB-B661-E0BD609AC5A6}.AppStore|x86.ActiveCfg = Release|Any CPU
		{B4EAC056-B247-4DBB-B661-E0BD609AC5A6}.Debug|Any CPU.ActiveCfg = Debug|Any CPU
		{B4EAC056-B247-4DBB-B661-E0BD609AC5A6}.Debug|Any CPU.Build.0 = Debug|Any CPU
		{B4EAC056-B247-4DBB-B661-E0BD609AC5A6}.Debug|ARM.ActiveCfg = Debug|Any CPU
		{B4EAC056-B247-4DBB-B661-E0BD609AC5A6}.Debug|iPhone.ActiveCfg = Debug|Any CPU
		{B4EAC056-B247-4DBB-B661-E0BD609AC5A6}.Debug|iPhoneSimulator.ActiveCfg = Debug|Any CPU
		{B4EAC056-B247-4DBB-B661-E0BD609AC5A6}.Debug|Mixed Platforms.ActiveCfg = Debug|Any CPU
		{B4EAC056-B247-4DBB-B661-E0BD609AC5A6}.Debug|Mixed Platforms.Build.0 = Debug|Any CPU
		{B4EAC056-B247-4DBB-B661-E0BD609AC5A6}.Debug|x86.ActiveCfg = Debug|Any CPU
		{B4EAC056-B247-4DBB-B661-E0BD609AC5A6}.Release|Any CPU.ActiveCfg = Release|Any CPU
		{B4EAC056-B247-4DBB-B661-E0BD609AC5A6}.Release|Any CPU.Build.0 = Release|Any CPU
		{B4EAC056-B247-4DBB-B661-E0BD609AC5A6}.Release|ARM.ActiveCfg = Release|Any CPU
		{B4EAC056-B247-4DBB-B661-E0BD609AC5A6}.Release|iPhone.ActiveCfg = Release|Any CPU
		{B4EAC056-B247-4DBB-B661-E0BD609AC5A6}.Release|iPhoneSimulator.ActiveCfg = Release|Any CPU
		{B4EAC056-B247-4DBB-B661-E0BD609AC5A6}.Release|Mixed Platforms.ActiveCfg = Release|Any CPU
		{B4EAC056-B247-4DBB-B661-E0BD609AC5A6}.Release|Mixed Platforms.Build.0 = Release|Any CPU
		{B4EAC056-B247-4DBB-B661-E0BD609AC5A6}.Release|x86.ActiveCfg = Release|Any CPU
		{67F9D3A8-F71E-4428-913F-C37AE82CDB24}.Ad-Hoc|Any CPU.ActiveCfg = Release|Any CPU
		{67F9D3A8-F71E-4428-913F-C37AE82CDB24}.Ad-Hoc|Any CPU.Build.0 = Release|Any CPU
		{67F9D3A8-F71E-4428-913F-C37AE82CDB24}.Ad-Hoc|ARM.ActiveCfg = Release|Any CPU
		{67F9D3A8-F71E-4428-913F-C37AE82CDB24}.Ad-Hoc|iPhone.ActiveCfg = Release|Any CPU
		{67F9D3A8-F71E-4428-913F-C37AE82CDB24}.Ad-Hoc|iPhoneSimulator.ActiveCfg = Release|Any CPU
		{67F9D3A8-F71E-4428-913F-C37AE82CDB24}.Ad-Hoc|Mixed Platforms.ActiveCfg = Release|Any CPU
		{67F9D3A8-F71E-4428-913F-C37AE82CDB24}.Ad-Hoc|Mixed Platforms.Build.0 = Release|Any CPU
		{67F9D3A8-F71E-4428-913F-C37AE82CDB24}.Ad-Hoc|x86.ActiveCfg = Release|Any CPU
		{67F9D3A8-F71E-4428-913F-C37AE82CDB24}.AppStore|Any CPU.ActiveCfg = Release|Any CPU
		{67F9D3A8-F71E-4428-913F-C37AE82CDB24}.AppStore|Any CPU.Build.0 = Release|Any CPU
		{67F9D3A8-F71E-4428-913F-C37AE82CDB24}.AppStore|ARM.ActiveCfg = Release|Any CPU
		{67F9D3A8-F71E-4428-913F-C37AE82CDB24}.AppStore|iPhone.ActiveCfg = Release|Any CPU
		{67F9D3A8-F71E-4428-913F-C37AE82CDB24}.AppStore|iPhoneSimulator.ActiveCfg = Release|Any CPU
		{67F9D3A8-F71E-4428-913F-C37AE82CDB24}.AppStore|Mixed Platforms.ActiveCfg = Release|Any CPU
		{67F9D3A8-F71E-4428-913F-C37AE82CDB24}.AppStore|Mixed Platforms.Build.0 = Release|Any CPU
		{67F9D3A8-F71E-4428-913F-C37AE82CDB24}.AppStore|x86.ActiveCfg = Release|Any CPU
		{67F9D3A8-F71E-4428-913F-C37AE82CDB24}.Debug|Any CPU.ActiveCfg = Debug|Any CPU
		{67F9D3A8-F71E-4428-913F-C37AE82CDB24}.Debug|Any CPU.Build.0 = Debug|Any CPU
		{67F9D3A8-F71E-4428-913F-C37AE82CDB24}.Debug|ARM.ActiveCfg = Debug|Any CPU
		{67F9D3A8-F71E-4428-913F-C37AE82CDB24}.Debug|iPhone.ActiveCfg = Debug|Any CPU
		{67F9D3A8-F71E-4428-913F-C37AE82CDB24}.Debug|iPhoneSimulator.ActiveCfg = Debug|Any CPU
		{67F9D3A8-F71E-4428-913F-C37AE82CDB24}.Debug|Mixed Platforms.ActiveCfg = Debug|Any CPU
		{67F9D3A8-F71E-4428-913F-C37AE82CDB24}.Debug|Mixed Platforms.Build.0 = Debug|Any CPU
		{67F9D3A8-F71E-4428-913F-C37AE82CDB24}.Debug|x86.ActiveCfg = Debug|Any CPU
		{67F9D3A8-F71E-4428-913F-C37AE82CDB24}.Release|Any CPU.ActiveCfg = Release|Any CPU
		{67F9D3A8-F71E-4428-913F-C37AE82CDB24}.Release|Any CPU.Build.0 = Release|Any CPU
		{67F9D3A8-F71E-4428-913F-C37AE82CDB24}.Release|ARM.ActiveCfg = Release|Any CPU
		{67F9D3A8-F71E-4428-913F-C37AE82CDB24}.Release|iPhone.ActiveCfg = Release|Any CPU
		{67F9D3A8-F71E-4428-913F-C37AE82CDB24}.Release|iPhoneSimulator.ActiveCfg = Release|Any CPU
		{67F9D3A8-F71E-4428-913F-C37AE82CDB24}.Release|Mixed Platforms.ActiveCfg = Release|Any CPU
		{67F9D3A8-F71E-4428-913F-C37AE82CDB24}.Release|Mixed Platforms.Build.0 = Release|Any CPU
		{67F9D3A8-F71E-4428-913F-C37AE82CDB24}.Release|x86.ActiveCfg = Release|Any CPU
		{159E8F90-7939-480B-985D-2B1444A41B6E}.Ad-Hoc|Any CPU.ActiveCfg = Release|Any CPU
		{159E8F90-7939-480B-985D-2B1444A41B6E}.Ad-Hoc|Any CPU.Build.0 = Release|Any CPU
		{159E8F90-7939-480B-985D-2B1444A41B6E}.Ad-Hoc|Any CPU.Deploy.0 = Release|Any CPU
		{159E8F90-7939-480B-985D-2B1444A41B6E}.Ad-Hoc|ARM.ActiveCfg = Release|ARM
		{159E8F90-7939-480B-985D-2B1444A41B6E}.Ad-Hoc|ARM.Build.0 = Release|ARM
		{159E8F90-7939-480B-985D-2B1444A41B6E}.Ad-Hoc|ARM.Deploy.0 = Release|ARM
		{159E8F90-7939-480B-985D-2B1444A41B6E}.Ad-Hoc|iPhone.ActiveCfg = Release|Any CPU
		{159E8F90-7939-480B-985D-2B1444A41B6E}.Ad-Hoc|iPhoneSimulator.ActiveCfg = Release|Any CPU
		{159E8F90-7939-480B-985D-2B1444A41B6E}.Ad-Hoc|Mixed Platforms.ActiveCfg = Release|x86
		{159E8F90-7939-480B-985D-2B1444A41B6E}.Ad-Hoc|Mixed Platforms.Build.0 = Release|x86
		{159E8F90-7939-480B-985D-2B1444A41B6E}.Ad-Hoc|Mixed Platforms.Deploy.0 = Release|x86
		{159E8F90-7939-480B-985D-2B1444A41B6E}.Ad-Hoc|x86.ActiveCfg = Release|x86
		{159E8F90-7939-480B-985D-2B1444A41B6E}.Ad-Hoc|x86.Build.0 = Release|x86
		{159E8F90-7939-480B-985D-2B1444A41B6E}.Ad-Hoc|x86.Deploy.0 = Release|x86
		{159E8F90-7939-480B-985D-2B1444A41B6E}.AppStore|Any CPU.ActiveCfg = Release|Any CPU
		{159E8F90-7939-480B-985D-2B1444A41B6E}.AppStore|Any CPU.Build.0 = Release|Any CPU
		{159E8F90-7939-480B-985D-2B1444A41B6E}.AppStore|Any CPU.Deploy.0 = Release|Any CPU
		{159E8F90-7939-480B-985D-2B1444A41B6E}.AppStore|ARM.ActiveCfg = Release|ARM
		{159E8F90-7939-480B-985D-2B1444A41B6E}.AppStore|ARM.Build.0 = Release|ARM
		{159E8F90-7939-480B-985D-2B1444A41B6E}.AppStore|ARM.Deploy.0 = Release|ARM
		{159E8F90-7939-480B-985D-2B1444A41B6E}.AppStore|iPhone.ActiveCfg = Release|Any CPU
		{159E8F90-7939-480B-985D-2B1444A41B6E}.AppStore|iPhoneSimulator.ActiveCfg = Release|Any CPU
		{159E8F90-7939-480B-985D-2B1444A41B6E}.AppStore|Mixed Platforms.ActiveCfg = Release|x86
		{159E8F90-7939-480B-985D-2B1444A41B6E}.AppStore|Mixed Platforms.Build.0 = Release|x86
		{159E8F90-7939-480B-985D-2B1444A41B6E}.AppStore|Mixed Platforms.Deploy.0 = Release|x86
		{159E8F90-7939-480B-985D-2B1444A41B6E}.AppStore|x86.ActiveCfg = Release|x86
		{159E8F90-7939-480B-985D-2B1444A41B6E}.AppStore|x86.Build.0 = Release|x86
		{159E8F90-7939-480B-985D-2B1444A41B6E}.AppStore|x86.Deploy.0 = Release|x86
		{159E8F90-7939-480B-985D-2B1444A41B6E}.Debug|Any CPU.ActiveCfg = Debug|Any CPU
		{159E8F90-7939-480B-985D-2B1444A41B6E}.Debug|Any CPU.Build.0 = Debug|Any CPU
		{159E8F90-7939-480B-985D-2B1444A41B6E}.Debug|Any CPU.Deploy.0 = Debug|Any CPU
		{159E8F90-7939-480B-985D-2B1444A41B6E}.Debug|ARM.ActiveCfg = Debug|ARM
		{159E8F90-7939-480B-985D-2B1444A41B6E}.Debug|ARM.Build.0 = Debug|ARM
		{159E8F90-7939-480B-985D-2B1444A41B6E}.Debug|ARM.Deploy.0 = Debug|ARM
		{159E8F90-7939-480B-985D-2B1444A41B6E}.Debug|iPhone.ActiveCfg = Debug|Any CPU
		{159E8F90-7939-480B-985D-2B1444A41B6E}.Debug|iPhoneSimulator.ActiveCfg = Debug|Any CPU
		{159E8F90-7939-480B-985D-2B1444A41B6E}.Debug|Mixed Platforms.ActiveCfg = Debug|x86
		{159E8F90-7939-480B-985D-2B1444A41B6E}.Debug|Mixed Platforms.Build.0 = Debug|x86
		{159E8F90-7939-480B-985D-2B1444A41B6E}.Debug|Mixed Platforms.Deploy.0 = Debug|x86
		{159E8F90-7939-480B-985D-2B1444A41B6E}.Debug|x86.ActiveCfg = Debug|x86
		{159E8F90-7939-480B-985D-2B1444A41B6E}.Debug|x86.Build.0 = Debug|x86
		{159E8F90-7939-480B-985D-2B1444A41B6E}.Debug|x86.Deploy.0 = Debug|x86
		{159E8F90-7939-480B-985D-2B1444A41B6E}.Release|Any CPU.ActiveCfg = Release|Any CPU
		{159E8F90-7939-480B-985D-2B1444A41B6E}.Release|Any CPU.Build.0 = Release|Any CPU
		{159E8F90-7939-480B-985D-2B1444A41B6E}.Release|Any CPU.Deploy.0 = Release|Any CPU
		{159E8F90-7939-480B-985D-2B1444A41B6E}.Release|ARM.ActiveCfg = Release|ARM
		{159E8F90-7939-480B-985D-2B1444A41B6E}.Release|ARM.Build.0 = Release|ARM
		{159E8F90-7939-480B-985D-2B1444A41B6E}.Release|ARM.Deploy.0 = Release|ARM
		{159E8F90-7939-480B-985D-2B1444A41B6E}.Release|iPhone.ActiveCfg = Release|Any CPU
		{159E8F90-7939-480B-985D-2B1444A41B6E}.Release|iPhoneSimulator.ActiveCfg = Release|Any CPU
		{159E8F90-7939-480B-985D-2B1444A41B6E}.Release|Mixed Platforms.ActiveCfg = Release|x86
		{159E8F90-7939-480B-985D-2B1444A41B6E}.Release|Mixed Platforms.Build.0 = Release|x86
		{159E8F90-7939-480B-985D-2B1444A41B6E}.Release|Mixed Platforms.Deploy.0 = Release|x86
		{159E8F90-7939-480B-985D-2B1444A41B6E}.Release|x86.ActiveCfg = Release|x86
		{159E8F90-7939-480B-985D-2B1444A41B6E}.Release|x86.Build.0 = Release|x86
		{159E8F90-7939-480B-985D-2B1444A41B6E}.Release|x86.Deploy.0 = Release|x86
		{5CD571FD-B7BF-43D8-B596-499034F8E190}.Ad-Hoc|Any CPU.ActiveCfg = Release|Any CPU
		{5CD571FD-B7BF-43D8-B596-499034F8E190}.Ad-Hoc|Any CPU.Build.0 = Release|Any CPU
		{5CD571FD-B7BF-43D8-B596-499034F8E190}.Ad-Hoc|Any CPU.Deploy.0 = Release|Any CPU
		{5CD571FD-B7BF-43D8-B596-499034F8E190}.Ad-Hoc|ARM.ActiveCfg = Release|Any CPU
		{5CD571FD-B7BF-43D8-B596-499034F8E190}.Ad-Hoc|iPhone.ActiveCfg = Release|Any CPU
		{5CD571FD-B7BF-43D8-B596-499034F8E190}.Ad-Hoc|iPhoneSimulator.ActiveCfg = Release|Any CPU
		{5CD571FD-B7BF-43D8-B596-499034F8E190}.Ad-Hoc|Mixed Platforms.ActiveCfg = Release|Any CPU
		{5CD571FD-B7BF-43D8-B596-499034F8E190}.Ad-Hoc|Mixed Platforms.Build.0 = Release|Any CPU
		{5CD571FD-B7BF-43D8-B596-499034F8E190}.Ad-Hoc|Mixed Platforms.Deploy.0 = Release|Any CPU
		{5CD571FD-B7BF-43D8-B596-499034F8E190}.Ad-Hoc|x86.ActiveCfg = Release|Any CPU
		{5CD571FD-B7BF-43D8-B596-499034F8E190}.AppStore|Any CPU.ActiveCfg = Release|Any CPU
		{5CD571FD-B7BF-43D8-B596-499034F8E190}.AppStore|Any CPU.Build.0 = Release|Any CPU
		{5CD571FD-B7BF-43D8-B596-499034F8E190}.AppStore|Any CPU.Deploy.0 = Release|Any CPU
		{5CD571FD-B7BF-43D8-B596-499034F8E190}.AppStore|ARM.ActiveCfg = Release|Any CPU
		{5CD571FD-B7BF-43D8-B596-499034F8E190}.AppStore|iPhone.ActiveCfg = Release|Any CPU
		{5CD571FD-B7BF-43D8-B596-499034F8E190}.AppStore|iPhoneSimulator.ActiveCfg = Release|Any CPU
		{5CD571FD-B7BF-43D8-B596-499034F8E190}.AppStore|Mixed Platforms.ActiveCfg = Release|Any CPU
		{5CD571FD-B7BF-43D8-B596-499034F8E190}.AppStore|Mixed Platforms.Build.0 = Release|Any CPU
		{5CD571FD-B7BF-43D8-B596-499034F8E190}.AppStore|Mixed Platforms.Deploy.0 = Release|Any CPU
		{5CD571FD-B7BF-43D8-B596-499034F8E190}.AppStore|x86.ActiveCfg = Release|Any CPU
		{5CD571FD-B7BF-43D8-B596-499034F8E190}.Debug|Any CPU.ActiveCfg = Debug|Any CPU
		{5CD571FD-B7BF-43D8-B596-499034F8E190}.Debug|Any CPU.Build.0 = Debug|Any CPU
		{5CD571FD-B7BF-43D8-B596-499034F8E190}.Debug|Any CPU.Deploy.0 = Debug|Any CPU
		{5CD571FD-B7BF-43D8-B596-499034F8E190}.Debug|ARM.ActiveCfg = Debug|Any CPU
		{5CD571FD-B7BF-43D8-B596-499034F8E190}.Debug|iPhone.ActiveCfg = Debug|Any CPU
		{5CD571FD-B7BF-43D8-B596-499034F8E190}.Debug|iPhoneSimulator.ActiveCfg = Debug|Any CPU
		{5CD571FD-B7BF-43D8-B596-499034F8E190}.Debug|Mixed Platforms.ActiveCfg = Debug|Any CPU
		{5CD571FD-B7BF-43D8-B596-499034F8E190}.Debug|Mixed Platforms.Build.0 = Debug|Any CPU
		{5CD571FD-B7BF-43D8-B596-499034F8E190}.Debug|Mixed Platforms.Deploy.0 = Debug|Any CPU
		{5CD571FD-B7BF-43D8-B596-499034F8E190}.Debug|x86.ActiveCfg = Debug|Any CPU
		{5CD571FD-B7BF-43D8-B596-499034F8E190}.Release|Any CPU.ActiveCfg = Release|Any CPU
		{5CD571FD-B7BF-43D8-B596-499034F8E190}.Release|Any CPU.Build.0 = Release|Any CPU
		{5CD571FD-B7BF-43D8-B596-499034F8E190}.Release|Any CPU.Deploy.0 = Release|Any CPU
		{5CD571FD-B7BF-43D8-B596-499034F8E190}.Release|ARM.ActiveCfg = Release|Any CPU
		{5CD571FD-B7BF-43D8-B596-499034F8E190}.Release|iPhone.ActiveCfg = Release|Any CPU
		{5CD571FD-B7BF-43D8-B596-499034F8E190}.Release|iPhoneSimulator.ActiveCfg = Release|Any CPU
		{5CD571FD-B7BF-43D8-B596-499034F8E190}.Release|Mixed Platforms.ActiveCfg = Release|Any CPU
		{5CD571FD-B7BF-43D8-B596-499034F8E190}.Release|Mixed Platforms.Build.0 = Release|Any CPU
		{5CD571FD-B7BF-43D8-B596-499034F8E190}.Release|Mixed Platforms.Deploy.0 = Release|Any CPU
		{5CD571FD-B7BF-43D8-B596-499034F8E190}.Release|x86.ActiveCfg = Release|Any CPU
		{8DF069C4-ACDD-41EB-A6CF-E0ECFA36B908}.Ad-Hoc|Any CPU.ActiveCfg = Ad-Hoc|iPhone
		{8DF069C4-ACDD-41EB-A6CF-E0ECFA36B908}.Ad-Hoc|ARM.ActiveCfg = Ad-Hoc|iPhone
		{8DF069C4-ACDD-41EB-A6CF-E0ECFA36B908}.Ad-Hoc|iPhone.ActiveCfg = Ad-Hoc|iPhone
		{8DF069C4-ACDD-41EB-A6CF-E0ECFA36B908}.Ad-Hoc|iPhone.Build.0 = Ad-Hoc|iPhone
		{8DF069C4-ACDD-41EB-A6CF-E0ECFA36B908}.Ad-Hoc|iPhone.Deploy.0 = Ad-Hoc|iPhone
		{8DF069C4-ACDD-41EB-A6CF-E0ECFA36B908}.Ad-Hoc|iPhoneSimulator.ActiveCfg = Ad-Hoc|iPhoneSimulator
		{8DF069C4-ACDD-41EB-A6CF-E0ECFA36B908}.Ad-Hoc|iPhoneSimulator.Build.0 = Ad-Hoc|iPhoneSimulator
		{8DF069C4-ACDD-41EB-A6CF-E0ECFA36B908}.Ad-Hoc|iPhoneSimulator.Deploy.0 = Ad-Hoc|iPhoneSimulator
		{8DF069C4-ACDD-41EB-A6CF-E0ECFA36B908}.Ad-Hoc|Mixed Platforms.ActiveCfg = Ad-Hoc|iPhone
		{8DF069C4-ACDD-41EB-A6CF-E0ECFA36B908}.Ad-Hoc|Mixed Platforms.Build.0 = Ad-Hoc|iPhone
		{8DF069C4-ACDD-41EB-A6CF-E0ECFA36B908}.Ad-Hoc|Mixed Platforms.Deploy.0 = Ad-Hoc|iPhone
		{8DF069C4-ACDD-41EB-A6CF-E0ECFA36B908}.Ad-Hoc|x86.ActiveCfg = Ad-Hoc|iPhone
		{8DF069C4-ACDD-41EB-A6CF-E0ECFA36B908}.AppStore|Any CPU.ActiveCfg = AppStore|iPhone
		{8DF069C4-ACDD-41EB-A6CF-E0ECFA36B908}.AppStore|ARM.ActiveCfg = AppStore|iPhone
		{8DF069C4-ACDD-41EB-A6CF-E0ECFA36B908}.AppStore|iPhone.ActiveCfg = AppStore|iPhone
		{8DF069C4-ACDD-41EB-A6CF-E0ECFA36B908}.AppStore|iPhone.Build.0 = AppStore|iPhone
		{8DF069C4-ACDD-41EB-A6CF-E0ECFA36B908}.AppStore|iPhone.Deploy.0 = AppStore|iPhone
		{8DF069C4-ACDD-41EB-A6CF-E0ECFA36B908}.AppStore|iPhoneSimulator.ActiveCfg = AppStore|iPhoneSimulator
		{8DF069C4-ACDD-41EB-A6CF-E0ECFA36B908}.AppStore|iPhoneSimulator.Build.0 = AppStore|iPhoneSimulator
		{8DF069C4-ACDD-41EB-A6CF-E0ECFA36B908}.AppStore|iPhoneSimulator.Deploy.0 = AppStore|iPhoneSimulator
		{8DF069C4-ACDD-41EB-A6CF-E0ECFA36B908}.AppStore|Mixed Platforms.ActiveCfg = AppStore|iPhone
		{8DF069C4-ACDD-41EB-A6CF-E0ECFA36B908}.AppStore|Mixed Platforms.Build.0 = AppStore|iPhone
		{8DF069C4-ACDD-41EB-A6CF-E0ECFA36B908}.AppStore|Mixed Platforms.Deploy.0 = AppStore|iPhone
		{8DF069C4-ACDD-41EB-A6CF-E0ECFA36B908}.AppStore|x86.ActiveCfg = AppStore|iPhone
		{8DF069C4-ACDD-41EB-A6CF-E0ECFA36B908}.Debug|Any CPU.ActiveCfg = Debug|iPhone
		{8DF069C4-ACDD-41EB-A6CF-E0ECFA36B908}.Debug|ARM.ActiveCfg = Debug|iPhone
		{8DF069C4-ACDD-41EB-A6CF-E0ECFA36B908}.Debug|iPhone.ActiveCfg = Debug|iPhone
		{8DF069C4-ACDD-41EB-A6CF-E0ECFA36B908}.Debug|iPhone.Build.0 = Debug|iPhone
		{8DF069C4-ACDD-41EB-A6CF-E0ECFA36B908}.Debug|iPhone.Deploy.0 = Debug|iPhone
		{8DF069C4-ACDD-41EB-A6CF-E0ECFA36B908}.Debug|iPhoneSimulator.ActiveCfg = Debug|iPhoneSimulator
		{8DF069C4-ACDD-41EB-A6CF-E0ECFA36B908}.Debug|iPhoneSimulator.Build.0 = Debug|iPhoneSimulator
		{8DF069C4-ACDD-41EB-A6CF-E0ECFA36B908}.Debug|iPhoneSimulator.Deploy.0 = Debug|iPhoneSimulator
		{8DF069C4-ACDD-41EB-A6CF-E0ECFA36B908}.Debug|Mixed Platforms.ActiveCfg = Debug|iPhone
		{8DF069C4-ACDD-41EB-A6CF-E0ECFA36B908}.Debug|Mixed Platforms.Build.0 = Debug|iPhone
		{8DF069C4-ACDD-41EB-A6CF-E0ECFA36B908}.Debug|Mixed Platforms.Deploy.0 = Debug|iPhone
		{8DF069C4-ACDD-41EB-A6CF-E0ECFA36B908}.Debug|x86.ActiveCfg = Debug|iPhone
		{8DF069C4-ACDD-41EB-A6CF-E0ECFA36B908}.Release|Any CPU.ActiveCfg = Release|iPhone
		{8DF069C4-ACDD-41EB-A6CF-E0ECFA36B908}.Release|ARM.ActiveCfg = Release|iPhone
		{8DF069C4-ACDD-41EB-A6CF-E0ECFA36B908}.Release|iPhone.ActiveCfg = Release|iPhone
		{8DF069C4-ACDD-41EB-A6CF-E0ECFA36B908}.Release|iPhone.Build.0 = Release|iPhone
		{8DF069C4-ACDD-41EB-A6CF-E0ECFA36B908}.Release|iPhone.Deploy.0 = Release|iPhone
		{8DF069C4-ACDD-41EB-A6CF-E0ECFA36B908}.Release|iPhoneSimulator.ActiveCfg = Release|iPhoneSimulator
		{8DF069C4-ACDD-41EB-A6CF-E0ECFA36B908}.Release|iPhoneSimulator.Build.0 = Release|iPhoneSimulator
		{8DF069C4-ACDD-41EB-A6CF-E0ECFA36B908}.Release|iPhoneSimulator.Deploy.0 = Release|iPhoneSimulator
		{8DF069C4-ACDD-41EB-A6CF-E0ECFA36B908}.Release|Mixed Platforms.ActiveCfg = Release|iPhone
		{8DF069C4-ACDD-41EB-A6CF-E0ECFA36B908}.Release|Mixed Platforms.Build.0 = Release|iPhone
		{8DF069C4-ACDD-41EB-A6CF-E0ECFA36B908}.Release|Mixed Platforms.Deploy.0 = Release|iPhone
		{8DF069C4-ACDD-41EB-A6CF-E0ECFA36B908}.Release|x86.ActiveCfg = Release|iPhone
	EndGlobalSection
	GlobalSection(SolutionProperties) = preSolution
		HideSolutionNode = FALSE
	EndGlobalSection
	GlobalSection(NestedProjects) = preSolution
		{159E8F90-7939-480B-985D-2B1444A41B6E} = {D64617FF-F64E-487C-90B4-DD1AD330A04F}
		{5CD571FD-B7BF-43D8-B596-499034F8E190} = {D64617FF-F64E-487C-90B4-DD1AD330A04F}
		{8DF069C4-ACDD-41EB-A6CF-E0ECFA36B908} = {D64617FF-F64E-487C-90B4-DD1AD330A04F}
	EndGlobalSection
EndGlobal
