
Microsoft Visual Studio Solution File, Format Version 12.00
# Visual Studio 2013
VisualStudioVersion = 12.0.30422.0
MinimumVisualStudioVersion = 10.0.40219.1
Project("{FAE04EC0-301F-11D3-BF4B-00C04F79EFBC}") = "PCLTesting", "PCLTesting\PCLTesting.csproj", "{B1289182-085B-4C34-AEC8-EEF6AA779800}"
EndProject
Project("{FAE04EC0-301F-11D3-BF4B-00C04F79EFBC}") = "PCLTesting.Portable", "PCLTesting.Portable\PCLTesting.Portable.csproj", "{2EA91982-B576-475C-9426-CA106A0653DF}"
EndProject
Project("{2150E333-8FDC-42A3-9474-1A3956D46DE8}") = ".nuget", ".nuget", "{829E5B4F-35D8-41F6-8316-F6E9C7E96DEE}"
	ProjectSection(SolutionItems) = preProject
		.nuget\NuGet.Config = .nuget\NuGet.Config
		.nuget\nuget.exe = .nuget\nuget.exe
	EndProjectSection
EndProject
Project("{2150E333-8FDC-42A3-9474-1A3956D46DE8}") = "build", "build", "{3A0AA651-96E3-4F7E-83C5-92A0EA8C9E3A}"
	ProjectSection(SolutionItems) = preProject
		build\build.proj = build\build.proj
		build\Build.tasks = build\Build.tasks
	EndProjectSection
EndProject
Project("{2150E333-8FDC-42A3-9474-1A3956D46DE8}") = "common", "common", "{39112F3A-C6F7-495D-8481-87454623FC43}"
	ProjectSection(SolutionItems) = preProject
		common\CommonAssemblyInfo.cs = common\CommonAssemblyInfo.cs
		common\PCLTesting.nuspec = common\PCLTesting.nuspec
	EndProjectSection
EndProject
Project("{FAE04EC0-301F-11D3-BF4B-00C04F79EFBC}") = "PCLTesting.Runner", "PCLTesting.Runner\PCLTesting.Runner.csproj", "{B4EAC056-B247-4DBB-B661-E0BD609AC5A6}"
EndProject
Project("{FAE04EC0-301F-11D3-BF4B-00C04F79EFBC}") = "PCLTesting.Forms", "PCLTesting.Forms\PCLTesting.Forms.csproj", "{67F9D3A8-F71E-4428-913F-C37AE82CDB24}"
EndProject
Project("{FAE04EC0-301F-11D3-BF4B-00C04F79EFBC}") = "SampleTestRunner", "SampleTestRunner\SampleTestRunner.csproj", "{159E8F90-7939-480B-985D-2B1444A41B6E}"
EndProject
Global
	GlobalSection(SolutionConfigurationPlatforms) = preSolution
		Debug|Any CPU = Debug|Any CPU
		Debug|ARM = Debug|ARM
		Debug|x86 = Debug|x86
		Release|Any CPU = Release|Any CPU
		Release|ARM = Release|ARM
		Release|x86 = Release|x86
	EndGlobalSection
	GlobalSection(ProjectConfigurationPlatforms) = postSolution
		{B1289182-085B-4C34-AEC8-EEF6AA779800}.Debug|Any CPU.ActiveCfg = Debug|Any CPU
		{B1289182-085B-4C34-AEC8-EEF6AA779800}.Debug|Any CPU.Build.0 = Debug|Any CPU
		{B1289182-085B-4C34-AEC8-EEF6AA779800}.Debug|ARM.ActiveCfg = Debug|Any CPU
		{B1289182-085B-4C34-AEC8-EEF6AA779800}.Debug|x86.ActiveCfg = Debug|Any CPU
		{B1289182-085B-4C34-AEC8-EEF6AA779800}.Release|Any CPU.ActiveCfg = Release|Any CPU
		{B1289182-085B-4C34-AEC8-EEF6AA779800}.Release|Any CPU.Build.0 = Release|Any CPU
		{B1289182-085B-4C34-AEC8-EEF6AA779800}.Release|ARM.ActiveCfg = Release|Any CPU
		{B1289182-085B-4C34-AEC8-EEF6AA779800}.Release|x86.ActiveCfg = Release|Any CPU
		{2EA91982-B576-475C-9426-CA106A0653DF}.Debug|Any CPU.ActiveCfg = Debug|Any CPU
		{2EA91982-B576-475C-9426-CA106A0653DF}.Debug|Any CPU.Build.0 = Debug|Any CPU
		{2EA91982-B576-475C-9426-CA106A0653DF}.Debug|ARM.ActiveCfg = Debug|Any CPU
		{2EA91982-B576-475C-9426-CA106A0653DF}.Debug|x86.ActiveCfg = Debug|Any CPU
		{2EA91982-B576-475C-9426-CA106A0653DF}.Release|Any CPU.ActiveCfg = Release|Any CPU
		{2EA91982-B576-475C-9426-CA106A0653DF}.Release|Any CPU.Build.0 = Release|Any CPU
		{2EA91982-B576-475C-9426-CA106A0653DF}.Release|ARM.ActiveCfg = Release|Any CPU
		{2EA91982-B576-475C-9426-CA106A0653DF}.Release|x86.ActiveCfg = Release|Any CPU
		{B4EAC056-B247-4DBB-B661-E0BD609AC5A6}.Debug|Any CPU.ActiveCfg = Debug|Any CPU
		{B4EAC056-B247-4DBB-B661-E0BD609AC5A6}.Debug|Any CPU.Build.0 = Debug|Any CPU
		{B4EAC056-B247-4DBB-B661-E0BD609AC5A6}.Debug|ARM.ActiveCfg = Debug|Any CPU
		{B4EAC056-B247-4DBB-B661-E0BD609AC5A6}.Debug|x86.ActiveCfg = Debug|Any CPU
		{B4EAC056-B247-4DBB-B661-E0BD609AC5A6}.Release|Any CPU.ActiveCfg = Release|Any CPU
		{B4EAC056-B247-4DBB-B661-E0BD609AC5A6}.Release|Any CPU.Build.0 = Release|Any CPU
		{B4EAC056-B247-4DBB-B661-E0BD609AC5A6}.Release|ARM.ActiveCfg = Release|Any CPU
		{B4EAC056-B247-4DBB-B661-E0BD609AC5A6}.Release|x86.ActiveCfg = Release|Any CPU
		{67F9D3A8-F71E-4428-913F-C37AE82CDB24}.Debug|Any CPU.ActiveCfg = Debug|Any CPU
		{67F9D3A8-F71E-4428-913F-C37AE82CDB24}.Debug|Any CPU.Build.0 = Debug|Any CPU
		{67F9D3A8-F71E-4428-913F-C37AE82CDB24}.Debug|ARM.ActiveCfg = Debug|Any CPU
		{67F9D3A8-F71E-4428-913F-C37AE82CDB24}.Debug|x86.ActiveCfg = Debug|Any CPU
		{67F9D3A8-F71E-4428-913F-C37AE82CDB24}.Release|Any CPU.ActiveCfg = Release|Any CPU
		{67F9D3A8-F71E-4428-913F-C37AE82CDB24}.Release|Any CPU.Build.0 = Release|Any CPU
		{67F9D3A8-F71E-4428-913F-C37AE82CDB24}.Release|ARM.ActiveCfg = Release|Any CPU
		{67F9D3A8-F71E-4428-913F-C37AE82CDB24}.Release|x86.ActiveCfg = Release|Any CPU
		{159E8F90-7939-480B-985D-2B1444A41B6E}.Debug|Any CPU.ActiveCfg = Debug|Any CPU
		{159E8F90-7939-480B-985D-2B1444A41B6E}.Debug|Any CPU.Build.0 = Debug|Any CPU
		{159E8F90-7939-480B-985D-2B1444A41B6E}.Debug|Any CPU.Deploy.0 = Debug|Any CPU
		{159E8F90-7939-480B-985D-2B1444A41B6E}.Debug|ARM.ActiveCfg = Debug|ARM
		{159E8F90-7939-480B-985D-2B1444A41B6E}.Debug|ARM.Build.0 = Debug|ARM
		{159E8F90-7939-480B-985D-2B1444A41B6E}.Debug|ARM.Deploy.0 = Debug|ARM
		{159E8F90-7939-480B-985D-2B1444A41B6E}.Debug|x86.ActiveCfg = Debug|x86
		{159E8F90-7939-480B-985D-2B1444A41B6E}.Debug|x86.Build.0 = Debug|x86
		{159E8F90-7939-480B-985D-2B1444A41B6E}.Debug|x86.Deploy.0 = Debug|x86
		{159E8F90-7939-480B-985D-2B1444A41B6E}.Release|Any CPU.ActiveCfg = Release|Any CPU
		{159E8F90-7939-480B-985D-2B1444A41B6E}.Release|Any CPU.Build.0 = Release|Any CPU
		{159E8F90-7939-480B-985D-2B1444A41B6E}.Release|Any CPU.Deploy.0 = Release|Any CPU
		{159E8F90-7939-480B-985D-2B1444A41B6E}.Release|ARM.ActiveCfg = Release|ARM
		{159E8F90-7939-480B-985D-2B1444A41B6E}.Release|ARM.Build.0 = Release|ARM
		{159E8F90-7939-480B-985D-2B1444A41B6E}.Release|ARM.Deploy.0 = Release|ARM
		{159E8F90-7939-480B-985D-2B1444A41B6E}.Release|x86.ActiveCfg = Release|x86
		{159E8F90-7939-480B-985D-2B1444A41B6E}.Release|x86.Build.0 = Release|x86
		{159E8F90-7939-480B-985D-2B1444A41B6E}.Release|x86.Deploy.0 = Release|x86
	EndGlobalSection
	GlobalSection(SolutionProperties) = preSolution
		HideSolutionNode = FALSE
	EndGlobalSection
EndGlobal
